
Microsoft Visual Studio Solution File, Format Version 12.00
# Visual Studio 15
VisualStudioVersion = 15.0.27130.2027
MinimumVisualStudioVersion = 10.0.40219.1
Project("{FAE04EC0-301F-11D3-BF4B-00C04F79EFBC}") = "LetsEat.Android", "LetsEat\LetsEat.Android\LetsEat.Android.csproj", "{A6E32811-E877-40E2-BB0D-91B11463D3BA}"
EndProject
Project("{FAE04EC0-301F-11D3-BF4B-00C04F79EFBC}") = "LetsEat.iOS", "LetsEat\LetsEat.iOS\LetsEat.iOS.csproj", "{C09CF6C6-F7AB-468D-92C0-B72814384031}"
EndProject
Project("{D954291E-2A0B-460D-934E-DC6B0785DB48}") = "LetsEat", "LetsEat\LetsEat\LetsEat.shproj", "{E7B68AC6-755B-4AAE-8555-E6EBB4685B60}"
EndProject
Global
	GlobalSection(SharedMSBuildProjectFiles) = preSolution
		LetsEat\LetsEat\LetsEat.projitems*{a6e32811-e877-40e2-bb0d-91b11463d3ba}*SharedItemsImports = 4
		LetsEat\LetsEat\LetsEat.projitems*{c09cf6c6-f7ab-468d-92c0-b72814384031}*SharedItemsImports = 4
		LetsEat\LetsEat\LetsEat.projitems*{e7b68ac6-755b-4aae-8555-e6ebb4685b60}*SharedItemsImports = 13
	EndGlobalSection
	GlobalSection(SolutionConfigurationPlatforms) = preSolution
		Ad-Hoc|Any CPU = Ad-Hoc|Any CPU
		Ad-Hoc|iPhone = Ad-Hoc|iPhone
		Ad-Hoc|iPhoneSimulator = Ad-Hoc|iPhoneSimulator
		AppStore|Any CPU = AppStore|Any CPU
		AppStore|iPhone = AppStore|iPhone
		AppStore|iPhoneSimulator = AppStore|iPhoneSimulator
		Debug|Any CPU = Debug|Any CPU
		Debug|iPhone = Debug|iPhone
		Debug|iPhoneSimulator = Debug|iPhoneSimulator
		Release|Any CPU = Release|Any CPU
		Release|iPhone = Release|iPhone
		Release|iPhoneSimulator = Release|iPhoneSimulator
	EndGlobalSection
	GlobalSection(ProjectConfigurationPlatforms) = postSolution
		{A6E32811-E877-40E2-BB0D-91B11463D3BA}.Ad-Hoc|Any CPU.ActiveCfg = Release|Any CPU
		{A6E32811-E877-40E2-BB0D-91B11463D3BA}.Ad-Hoc|Any CPU.Build.0 = Release|Any CPU
		{A6E32811-E877-40E2-BB0D-91B11463D3BA}.Ad-Hoc|Any CPU.Deploy.0 = Release|Any CPU
		{A6E32811-E877-40E2-BB0D-91B11463D3BA}.Ad-Hoc|iPhone.ActiveCfg = Release|Any CPU
		{A6E32811-E877-40E2-BB0D-91B11463D3BA}.Ad-Hoc|iPhone.Build.0 = Release|Any CPU
		{A6E32811-E877-40E2-BB0D-91B11463D3BA}.Ad-Hoc|iPhone.Deploy.0 = Release|Any CPU
		{A6E32811-E877-40E2-BB0D-91B11463D3BA}.Ad-Hoc|iPhoneSimulator.ActiveCfg = Release|Any CPU
		{A6E32811-E877-40E2-BB0D-91B11463D3BA}.Ad-Hoc|iPhoneSimulator.Build.0 = Release|Any CPU
		{A6E32811-E877-40E2-BB0D-91B11463D3BA}.Ad-Hoc|iPhoneSimulator.Deploy.0 = Release|Any CPU
		{A6E32811-E877-40E2-BB0D-91B11463D3BA}.AppStore|Any CPU.ActiveCfg = Release|Any CPU
		{A6E32811-E877-40E2-BB0D-91B11463D3BA}.AppStore|Any CPU.Build.0 = Release|Any CPU
		{A6E32811-E877-40E2-BB0D-91B11463D3BA}.AppStore|Any CPU.Deploy.0 = Release|Any CPU
		{A6E32811-E877-40E2-BB0D-91B11463D3BA}.AppStore|iPhone.ActiveCfg = Release|Any CPU
		{A6E32811-E877-40E2-BB0D-91B11463D3BA}.AppStore|iPhone.Build.0 = Release|Any CPU
		{A6E32811-E877-40E2-BB0D-91B11463D3BA}.AppStore|iPhone.Deploy.0 = Release|Any CPU
		{A6E32811-E877-40E2-BB0D-91B11463D3BA}.AppStore|iPhoneSimulator.ActiveCfg = Release|Any CPU
		{A6E32811-E877-40E2-BB0D-91B11463D3BA}.AppStore|iPhoneSimulator.Build.0 = Release|Any CPU
		{A6E32811-E877-40E2-BB0D-91B11463D3BA}.AppStore|iPhoneSimulator.Deploy.0 = Release|Any CPU
		{A6E32811-E877-40E2-BB0D-91B11463D3BA}.Debug|Any CPU.ActiveCfg = Debug|Any CPU
		{A6E32811-E877-40E2-BB0D-91B11463D3BA}.Debug|Any CPU.Build.0 = Debug|Any CPU
		{A6E32811-E877-40E2-BB0D-91B11463D3BA}.Debug|Any CPU.Deploy.0 = Debug|Any CPU
		{A6E32811-E877-40E2-BB0D-91B11463D3BA}.Debug|iPhone.ActiveCfg = Debug|Any CPU
		{A6E32811-E877-40E2-BB0D-91B11463D3BA}.Debug|iPhone.Build.0 = Debug|Any CPU
		{A6E32811-E877-40E2-BB0D-91B11463D3BA}.Debug|iPhone.Deploy.0 = Debug|Any CPU
		{A6E32811-E877-40E2-BB0D-91B11463D3BA}.Debug|iPhoneSimulator.ActiveCfg = Debug|Any CPU
		{A6E32811-E877-40E2-BB0D-91B11463D3BA}.Debug|iPhoneSimulator.Build.0 = Debug|Any CPU
		{A6E32811-E877-40E2-BB0D-91B11463D3BA}.Debug|iPhoneSimulator.Deploy.0 = Debug|Any CPU
		{A6E32811-E877-40E2-BB0D-91B11463D3BA}.Release|Any CPU.ActiveCfg = Release|Any CPU
		{A6E32811-E877-40E2-BB0D-91B11463D3BA}.Release|Any CPU.Build.0 = Release|Any CPU
		{A6E32811-E877-40E2-BB0D-91B11463D3BA}.Release|Any CPU.Deploy.0 = Release|Any CPU
		{A6E32811-E877-40E2-BB0D-91B11463D3BA}.Release|iPhone.ActiveCfg = Release|Any CPU
		{A6E32811-E877-40E2-BB0D-91B11463D3BA}.Release|iPhone.Build.0 = Release|Any CPU
		{A6E32811-E877-40E2-BB0D-91B11463D3BA}.Release|iPhone.Deploy.0 = Release|Any CPU
		{A6E32811-E877-40E2-BB0D-91B11463D3BA}.Release|iPhoneSimulator.ActiveCfg = Release|Any CPU
		{A6E32811-E877-40E2-BB0D-91B11463D3BA}.Release|iPhoneSimulator.Build.0 = Release|Any CPU
		{A6E32811-E877-40E2-BB0D-91B11463D3BA}.Release|iPhoneSimulator.Deploy.0 = Release|Any CPU
		{C09CF6C6-F7AB-468D-92C0-B72814384031}.Ad-Hoc|Any CPU.ActiveCfg = Ad-Hoc|iPhone
		{C09CF6C6-F7AB-468D-92C0-B72814384031}.Ad-Hoc|iPhone.ActiveCfg = Ad-Hoc|iPhone
		{C09CF6C6-F7AB-468D-92C0-B72814384031}.Ad-Hoc|iPhone.Build.0 = Ad-Hoc|iPhone
		{C09CF6C6-F7AB-468D-92C0-B72814384031}.Ad-Hoc|iPhoneSimulator.ActiveCfg = Ad-Hoc|iPhoneSimulator
		{C09CF6C6-F7AB-468D-92C0-B72814384031}.Ad-Hoc|iPhoneSimulator.Build.0 = Ad-Hoc|iPhoneSimulator
		{C09CF6C6-F7AB-468D-92C0-B72814384031}.AppStore|Any CPU.ActiveCfg = AppStore|iPhone
		{C09CF6C6-F7AB-468D-92C0-B72814384031}.AppStore|iPhone.ActiveCfg = AppStore|iPhone
		{C09CF6C6-F7AB-468D-92C0-B72814384031}.AppStore|iPhone.Build.0 = AppStore|iPhone
		{C09CF6C6-F7AB-468D-92C0-B72814384031}.AppStore|iPhoneSimulator.ActiveCfg = AppStore|iPhoneSimulator
		{C09CF6C6-F7AB-468D-92C0-B72814384031}.AppStore|iPhoneSimulator.Build.0 = AppStore|iPhoneSimulator
		{C09CF6C6-F7AB-468D-92C0-B72814384031}.Debug|Any CPU.ActiveCfg = Debug|iPhone
		{C09CF6C6-F7AB-468D-92C0-B72814384031}.Debug|Any CPU.Build.0 = Debug|iPhone
		{C09CF6C6-F7AB-468D-92C0-B72814384031}.Debug|iPhone.ActiveCfg = Debug|iPhone
		{C09CF6C6-F7AB-468D-92C0-B72814384031}.Debug|iPhone.Build.0 = Debug|iPhone
		{C09CF6C6-F7AB-468D-92C0-B72814384031}.Debug|iPhoneSimulator.ActiveCfg = Debug|iPhoneSimulator
		{C09CF6C6-F7AB-468D-92C0-B72814384031}.Debug|iPhoneSimulator.Build.0 = Debug|iPhoneSimulator
		{C09CF6C6-F7AB-468D-92C0-B72814384031}.Release|Any CPU.ActiveCfg = Release|iPhone
		{C09CF6C6-F7AB-468D-92C0-B72814384031}.Release|iPhone.ActiveCfg = Release|iPhone
		{C09CF6C6-F7AB-468D-92C0-B72814384031}.Release|iPhone.Build.0 = Release|iPhone
		{C09CF6C6-F7AB-468D-92C0-B72814384031}.Release|iPhoneSimulator.ActiveCfg = Release|iPhoneSimulator
		{C09CF6C6-F7AB-468D-92C0-B72814384031}.Release|iPhoneSimulator.Build.0 = Release|iPhoneSimulator
	EndGlobalSection
	GlobalSection(SolutionProperties) = preSolution
		HideSolutionNode = FALSE
	EndGlobalSection
	GlobalSection(ExtensibilityGlobals) = postSolution
		SolutionGuid = {8AC59D56-8274-43CB-AC90-27209AED3EE3}
	EndGlobalSection
EndGlobal
